// !$*UTF8*$!
{
	archiveVersion = 1;
	classes = {
	};
	objectVersion = 46;
	objects = {

/* Begin PBXBuildFile section */
		0C7D02931C9875A200DAB3ED /* StackView.swift in Sources */ = {isa = PBXBuildFile; fileRef = 0CE361271C8607DE00EA70CF /* StackView.swift */; };
		0C7D02941C9875A200DAB3ED /* LayoutArrangement.swift in Sources */ = {isa = PBXBuildFile; fileRef = 0C81ABB41C889BE50036DFD4 /* LayoutArrangement.swift */; };
		0C7D02951C9875A200DAB3ED /* AlignedLayoutArrangement.swift in Sources */ = {isa = PBXBuildFile; fileRef = 0C81ABBA1C889C830036DFD4 /* AlignedLayoutArrangement.swift */; };
		0C7D02961C9875A200DAB3ED /* DistributionLayoutArrangement.swift in Sources */ = {isa = PBXBuildFile; fileRef = 0C81ABB81C889C6D0036DFD4 /* DistributionLayoutArrangement.swift */; };
		0C7D02971C9875A200DAB3ED /* Internal.swift in Sources */ = {isa = PBXBuildFile; fileRef = 0C81ABB61C889C100036DFD4 /* Internal.swift */; };
		0C81ABB51C889BE50036DFD4 /* LayoutArrangement.swift in Sources */ = {isa = PBXBuildFile; fileRef = 0C81ABB41C889BE50036DFD4 /* LayoutArrangement.swift */; };
		0C81ABB71C889C100036DFD4 /* Internal.swift in Sources */ = {isa = PBXBuildFile; fileRef = 0C81ABB61C889C100036DFD4 /* Internal.swift */; };
		0C81ABB91C889C6D0036DFD4 /* DistributionLayoutArrangement.swift in Sources */ = {isa = PBXBuildFile; fileRef = 0C81ABB81C889C6D0036DFD4 /* DistributionLayoutArrangement.swift */; };
		0C81ABBB1C889C830036DFD4 /* AlignedLayoutArrangement.swift in Sources */ = {isa = PBXBuildFile; fileRef = 0C81ABBA1C889C830036DFD4 /* AlignedLayoutArrangement.swift */; };
		0CE361281C8607DE00EA70CF /* StackView.swift in Sources */ = {isa = PBXBuildFile; fileRef = 0CE361271C8607DE00EA70CF /* StackView.swift */; };
/* End PBXBuildFile section */

/* Begin PBXFileReference section */
		0C7D028B1C98756C00DAB3ED /* Arranged.framework */ = {isa = PBXFileReference; explicitFileType = wrapper.framework; includeInIndex = 0; path = Arranged.framework; sourceTree = BUILT_PRODUCTS_DIR; };
		0C81ABB41C889BE50036DFD4 /* LayoutArrangement.swift */ = {isa = PBXFileReference; fileEncoding = 4; lastKnownFileType = sourcecode.swift; path = LayoutArrangement.swift; sourceTree = "<group>"; };
		0C81ABB61C889C100036DFD4 /* Internal.swift */ = {isa = PBXFileReference; fileEncoding = 4; lastKnownFileType = sourcecode.swift; path = Internal.swift; sourceTree = "<group>"; };
		0C81ABB81C889C6D0036DFD4 /* DistributionLayoutArrangement.swift */ = {isa = PBXFileReference; fileEncoding = 4; lastKnownFileType = sourcecode.swift; path = DistributionLayoutArrangement.swift; sourceTree = "<group>"; };
		0C81ABBA1C889C830036DFD4 /* AlignedLayoutArrangement.swift */ = {isa = PBXFileReference; fileEncoding = 4; lastKnownFileType = sourcecode.swift; path = AlignedLayoutArrangement.swift; sourceTree = "<group>"; };
		0CE361181C86077B00EA70CF /* Arranged.framework */ = {isa = PBXFileReference; explicitFileType = wrapper.framework; includeInIndex = 0; path = Arranged.framework; sourceTree = BUILT_PRODUCTS_DIR; };
		0CE361241C8607BB00EA70CF /* Info.plist */ = {isa = PBXFileReference; fileEncoding = 4; lastKnownFileType = text.plist.xml; name = Info.plist; path = Supporting/Info.plist; sourceTree = "<group>"; };
		0CE361271C8607DE00EA70CF /* StackView.swift */ = {isa = PBXFileReference; fileEncoding = 4; lastKnownFileType = sourcecode.swift; path = StackView.swift; sourceTree = "<group>"; };
/* End PBXFileReference section */

/* Begin PBXFrameworksBuildPhase section */
		0C7D02871C98756C00DAB3ED /* Frameworks */ = {
			isa = PBXFrameworksBuildPhase;
			buildActionMask = 2147483647;
			files = (
			);
			runOnlyForDeploymentPostprocessing = 0;
		};
		0CE361141C86077B00EA70CF /* Frameworks */ = {
			isa = PBXFrameworksBuildPhase;
			buildActionMask = 2147483647;
			files = (
			);
			runOnlyForDeploymentPostprocessing = 0;
		};
/* End PBXFrameworksBuildPhase section */

/* Begin PBXGroup section */
		0CE3610E1C86077B00EA70CF = {
			isa = PBXGroup;
			children = (
				0CE361261C8607D600EA70CF /* Sources */,
				0CE361231C8607A900EA70CF /* Supporting */,
				0CE361191C86077B00EA70CF /* Products */,
			);
			sourceTree = "<group>";
		};
		0CE361191C86077B00EA70CF /* Products */ = {
			isa = PBXGroup;
			children = (
				0CE361181C86077B00EA70CF /* Arranged.framework */,
				0C7D028B1C98756C00DAB3ED /* Arranged.framework */,
			);
			name = Products;
			sourceTree = "<group>";
		};
		0CE361231C8607A900EA70CF /* Supporting */ = {
			isa = PBXGroup;
			children = (
				0CE361241C8607BB00EA70CF /* Info.plist */,
			);
			name = Supporting;
			sourceTree = "<group>";
		};
		0CE361261C8607D600EA70CF /* Sources */ = {
			isa = PBXGroup;
			children = (
				0CE361271C8607DE00EA70CF /* StackView.swift */,
				0C81ABB41C889BE50036DFD4 /* LayoutArrangement.swift */,
				0C81ABBA1C889C830036DFD4 /* AlignedLayoutArrangement.swift */,
				0C81ABB81C889C6D0036DFD4 /* DistributionLayoutArrangement.swift */,
				0C81ABB61C889C100036DFD4 /* Internal.swift */,
			);
			path = Sources;
			sourceTree = "<group>";
		};
/* End PBXGroup section */

/* Begin PBXHeadersBuildPhase section */
		0C7D02881C98756C00DAB3ED /* Headers */ = {
			isa = PBXHeadersBuildPhase;
			buildActionMask = 2147483647;
			files = (
			);
			runOnlyForDeploymentPostprocessing = 0;
		};
		0CE361151C86077B00EA70CF /* Headers */ = {
			isa = PBXHeadersBuildPhase;
			buildActionMask = 2147483647;
			files = (
			);
			runOnlyForDeploymentPostprocessing = 0;
		};
/* End PBXHeadersBuildPhase section */

/* Begin PBXNativeTarget section */
		0C7D028A1C98756C00DAB3ED /* Arranged tvOS */ = {
			isa = PBXNativeTarget;
			buildConfigurationList = 0C7D02901C98756C00DAB3ED /* Build configuration list for PBXNativeTarget "Arranged tvOS" */;
			buildPhases = (
				0C7D02861C98756C00DAB3ED /* Sources */,
				0C7D02871C98756C00DAB3ED /* Frameworks */,
				0C7D02881C98756C00DAB3ED /* Headers */,
				0C7D02891C98756C00DAB3ED /* Resources */,
			);
			buildRules = (
			);
			dependencies = (
			);
			name = "Arranged tvOS";
			productName = "Arranged tvOS";
			productReference = 0C7D028B1C98756C00DAB3ED /* Arranged.framework */;
			productType = "com.apple.product-type.framework";
		};
		0CE361171C86077B00EA70CF /* Arranged iOS */ = {
			isa = PBXNativeTarget;
			buildConfigurationList = 0CE361201C86077B00EA70CF /* Build configuration list for PBXNativeTarget "Arranged iOS" */;
			buildPhases = (
				0CE361131C86077B00EA70CF /* Sources */,
				0CE361141C86077B00EA70CF /* Frameworks */,
				0CE361151C86077B00EA70CF /* Headers */,
				0CE361161C86077B00EA70CF /* Resources */,
			);
			buildRules = (
			);
			dependencies = (
			);
			name = "Arranged iOS";
			productName = Stack;
			productReference = 0CE361181C86077B00EA70CF /* Arranged.framework */;
			productType = "com.apple.product-type.framework";
		};
/* End PBXNativeTarget section */

/* Begin PBXProject section */
		0CE3610F1C86077B00EA70CF /* Project object */ = {
			isa = PBXProject;
			attributes = {
				LastUpgradeCheck = 0720;
				ORGANIZATIONNAME = "Alexander Grebenyuk";
				TargetAttributes = {
					0C7D028A1C98756C00DAB3ED = {
						CreatedOnToolsVersion = 7.2.1;
					};
					0CE361171C86077B00EA70CF = {
						CreatedOnToolsVersion = 7.2.1;
						LastSwiftMigration = 0800;
					};
				};
			};
			buildConfigurationList = 0CE361121C86077B00EA70CF /* Build configuration list for PBXProject "Arranged" */;
			compatibilityVersion = "Xcode 3.2";
			developmentRegion = English;
			hasScannedForEncodings = 0;
			knownRegions = (
				en,
			);
			mainGroup = 0CE3610E1C86077B00EA70CF;
			productRefGroup = 0CE361191C86077B00EA70CF /* Products */;
			projectDirPath = "";
			projectRoot = "";
			targets = (
				0CE361171C86077B00EA70CF /* Arranged iOS */,
				0C7D028A1C98756C00DAB3ED /* Arranged tvOS */,
			);
		};
/* End PBXProject section */

/* Begin PBXResourcesBuildPhase section */
		0C7D02891C98756C00DAB3ED /* Resources */ = {
			isa = PBXResourcesBuildPhase;
			buildActionMask = 2147483647;
			files = (
			);
			runOnlyForDeploymentPostprocessing = 0;
		};
		0CE361161C86077B00EA70CF /* Resources */ = {
			isa = PBXResourcesBuildPhase;
			buildActionMask = 2147483647;
			files = (
			);
			runOnlyForDeploymentPostprocessing = 0;
		};
/* End PBXResourcesBuildPhase section */

/* Begin PBXSourcesBuildPhase section */
		0C7D02861C98756C00DAB3ED /* Sources */ = {
			isa = PBXSourcesBuildPhase;
			buildActionMask = 2147483647;
			files = (
				0C7D02961C9875A200DAB3ED /* DistributionLayoutArrangement.swift in Sources */,
				0C7D02951C9875A200DAB3ED /* AlignedLayoutArrangement.swift in Sources */,
				0C7D02941C9875A200DAB3ED /* LayoutArrangement.swift in Sources */,
				0C7D02971C9875A200DAB3ED /* Internal.swift in Sources */,
				0C7D02931C9875A200DAB3ED /* StackView.swift in Sources */,
			);
			runOnlyForDeploymentPostprocessing = 0;
		};
		0CE361131C86077B00EA70CF /* Sources */ = {
			isa = PBXSourcesBuildPhase;
			buildActionMask = 2147483647;
			files = (
				0C81ABBB1C889C830036DFD4 /* AlignedLayoutArrangement.swift in Sources */,
				0C81ABB91C889C6D0036DFD4 /* DistributionLayoutArrangement.swift in Sources */,
				0C81ABB51C889BE50036DFD4 /* LayoutArrangement.swift in Sources */,
				0C81ABB71C889C100036DFD4 /* Internal.swift in Sources */,
				0CE361281C8607DE00EA70CF /* StackView.swift in Sources */,
			);
			runOnlyForDeploymentPostprocessing = 0;
		};
/* End PBXSourcesBuildPhase section */

/* Begin XCBuildConfiguration section */
		0C7D02911C98756C00DAB3ED /* Debug */ = {
			isa = XCBuildConfiguration;
			buildSettings = {
				APPLICATION_EXTENSION_API_ONLY = YES;
				DEFINES_MODULE = YES;
				DYLIB_COMPATIBILITY_VERSION = 1;
				DYLIB_CURRENT_VERSION = 1;
				DYLIB_INSTALL_NAME_BASE = "@rpath";
				INFOPLIST_FILE = Supporting/Info.plist;
				INSTALL_PATH = "$(LOCAL_LIBRARY_DIR)/Frameworks";
				LD_RUNPATH_SEARCH_PATHS = "$(inherited) @executable_path/Frameworks @loader_path/Frameworks";
				PRODUCT_BUNDLE_IDENTIFIER = com.github.kean.Arranged;
				PRODUCT_NAME = Arranged;
				SDKROOT = appletvos;
				SKIP_INSTALL = YES;
				TARGETED_DEVICE_FAMILY = 3;
				TVOS_DEPLOYMENT_TARGET = 9.0;
			};
			name = Debug;
		};
		0C7D02921C98756C00DAB3ED /* Release */ = {
			isa = XCBuildConfiguration;
			buildSettings = {
				APPLICATION_EXTENSION_API_ONLY = YES;
				DEFINES_MODULE = YES;
				DYLIB_COMPATIBILITY_VERSION = 1;
				DYLIB_CURRENT_VERSION = 1;
				DYLIB_INSTALL_NAME_BASE = "@rpath";
				INFOPLIST_FILE = Supporting/Info.plist;
				INSTALL_PATH = "$(LOCAL_LIBRARY_DIR)/Frameworks";
				LD_RUNPATH_SEARCH_PATHS = "$(inherited) @executable_path/Frameworks @loader_path/Frameworks";
				PRODUCT_BUNDLE_IDENTIFIER = com.github.kean.Arranged;
				PRODUCT_NAME = Arranged;
				SDKROOT = appletvos;
				SKIP_INSTALL = YES;
				TARGETED_DEVICE_FAMILY = 3;
				TVOS_DEPLOYMENT_TARGET = 9.0;
			};
			name = Release;
		};
		0CE3611E1C86077B00EA70CF /* Debug */ = {
			isa = XCBuildConfiguration;
			buildSettings = {
				ALWAYS_SEARCH_USER_PATHS = NO;
				CLANG_CXX_LANGUAGE_STANDARD = "gnu++0x";
				CLANG_CXX_LIBRARY = "libc++";
				CLANG_ENABLE_MODULES = YES;
				CLANG_ENABLE_OBJC_ARC = YES;
				CLANG_WARN_BOOL_CONVERSION = YES;
				CLANG_WARN_CONSTANT_CONVERSION = YES;
				CLANG_WARN_DIRECT_OBJC_ISA_USAGE = YES_ERROR;
				CLANG_WARN_EMPTY_BODY = YES;
				CLANG_WARN_ENUM_CONVERSION = YES;
				CLANG_WARN_INT_CONVERSION = YES;
				CLANG_WARN_OBJC_ROOT_CLASS = YES_ERROR;
				CLANG_WARN_UNREACHABLE_CODE = YES;
				CLANG_WARN__DUPLICATE_METHOD_MATCH = YES;
				"CODE_SIGN_IDENTITY[sdk=iphoneos*]" = "iPhone Developer";
				COPY_PHASE_STRIP = NO;
				CURRENT_PROJECT_VERSION = 1;
				DEBUG_INFORMATION_FORMAT = dwarf;
				ENABLE_STRICT_OBJC_MSGSEND = YES;
				ENABLE_TESTABILITY = YES;
				GCC_C_LANGUAGE_STANDARD = gnu99;
				GCC_DYNAMIC_NO_PIC = NO;
				GCC_NO_COMMON_BLOCKS = YES;
				GCC_OPTIMIZATION_LEVEL = 0;
				GCC_PREPROCESSOR_DEFINITIONS = (
					"DEBUG=1",
					"$(inherited)",
				);
				GCC_WARN_64_TO_32_BIT_CONVERSION = YES;
				GCC_WARN_ABOUT_RETURN_TYPE = YES_ERROR;
				GCC_WARN_UNDECLARED_SELECTOR = YES;
				GCC_WARN_UNINITIALIZED_AUTOS = YES_AGGRESSIVE;
				GCC_WARN_UNUSED_FUNCTION = YES;
				GCC_WARN_UNUSED_VARIABLE = YES;
				IPHONEOS_DEPLOYMENT_TARGET = 8.0;
				MTL_ENABLE_DEBUG_INFO = YES;
				ONLY_ACTIVE_ARCH = YES;
				SDKROOT = iphoneos;
				SWIFT_OPTIMIZATION_LEVEL = "-Onone";
				TARGETED_DEVICE_FAMILY = "1,2";
				VERSIONING_SYSTEM = "apple-generic";
				VERSION_INFO_PREFIX = "";
			};
			name = Debug;
		};
		0CE3611F1C86077B00EA70CF /* Release */ = {
			isa = XCBuildConfiguration;
			buildSettings = {
				ALWAYS_SEARCH_USER_PATHS = NO;
				CLANG_CXX_LANGUAGE_STANDARD = "gnu++0x";
				CLANG_CXX_LIBRARY = "libc++";
				CLANG_ENABLE_MODULES = YES;
				CLANG_ENABLE_OBJC_ARC = YES;
				CLANG_WARN_BOOL_CONVERSION = YES;
				CLANG_WARN_CONSTANT_CONVERSION = YES;
				CLANG_WARN_DIRECT_OBJC_ISA_USAGE = YES_ERROR;
				CLANG_WARN_EMPTY_BODY = YES;
				CLANG_WARN_ENUM_CONVERSION = YES;
				CLANG_WARN_INT_CONVERSION = YES;
				CLANG_WARN_OBJC_ROOT_CLASS = YES_ERROR;
				CLANG_WARN_UNREACHABLE_CODE = YES;
				CLANG_WARN__DUPLICATE_METHOD_MATCH = YES;
				"CODE_SIGN_IDENTITY[sdk=iphoneos*]" = "iPhone Developer";
				COPY_PHASE_STRIP = NO;
				CURRENT_PROJECT_VERSION = 1;
				DEBUG_INFORMATION_FORMAT = "dwarf-with-dsym";
				ENABLE_NS_ASSERTIONS = NO;
				ENABLE_STRICT_OBJC_MSGSEND = YES;
				GCC_C_LANGUAGE_STANDARD = gnu99;
				GCC_NO_COMMON_BLOCKS = YES;
				GCC_WARN_64_TO_32_BIT_CONVERSION = YES;
				GCC_WARN_ABOUT_RETURN_TYPE = YES_ERROR;
				GCC_WARN_UNDECLARED_SELECTOR = YES;
				GCC_WARN_UNINITIALIZED_AUTOS = YES_AGGRESSIVE;
				GCC_WARN_UNUSED_FUNCTION = YES;
				GCC_WARN_UNUSED_VARIABLE = YES;
				IPHONEOS_DEPLOYMENT_TARGET = 8.0;
				MTL_ENABLE_DEBUG_INFO = NO;
				SDKROOT = iphoneos;
				TARGETED_DEVICE_FAMILY = "1,2";
				VALIDATE_PRODUCT = YES;
				VERSIONING_SYSTEM = "apple-generic";
				VERSION_INFO_PREFIX = "";
			};
			name = Release;
		};
		0CE361211C86077B00EA70CF /* Debug */ = {
			isa = XCBuildConfiguration;
			buildSettings = {
				APPLICATION_EXTENSION_API_ONLY = YES;
				CLANG_ENABLE_MODULES = YES;
				DEFINES_MODULE = YES;
				DYLIB_COMPATIBILITY_VERSION = 1;
				DYLIB_CURRENT_VERSION = 1;
				DYLIB_INSTALL_NAME_BASE = "@rpath";
				INFOPLIST_FILE = "$(SRCROOT)/Supporting/Info.plist";
				INSTALL_PATH = "$(LOCAL_LIBRARY_DIR)/Frameworks";
				IPHONEOS_DEPLOYMENT_TARGET = 8.0;
				LD_RUNPATH_SEARCH_PATHS = "$(inherited) @executable_path/Frameworks @loader_path/Frameworks";
				PRODUCT_BUNDLE_IDENTIFIER = com.github.kean.Arranged;
				PRODUCT_NAME = Arranged;
				SKIP_INSTALL = YES;
				SWIFT_OPTIMIZATION_LEVEL = "-Onone";
				SWIFT_VERSION = 2.3;
			};
			name = Debug;
		};
		0CE361221C86077B00EA70CF /* Release */ = {
			isa = XCBuildConfiguration;
			buildSettings = {
				APPLICATION_EXTENSION_API_ONLY = YES;
				CLANG_ENABLE_MODULES = YES;
				DEFINES_MODULE = YES;
				DYLIB_COMPATIBILITY_VERSION = 1;
				DYLIB_CURRENT_VERSION = 1;
				DYLIB_INSTALL_NAME_BASE = "@rpath";
				INFOPLIST_FILE = "$(SRCROOT)/Supporting/Info.plist";
				INSTALL_PATH = "$(LOCAL_LIBRARY_DIR)/Frameworks";
				IPHONEOS_DEPLOYMENT_TARGET = 8.0;
				LD_RUNPATH_SEARCH_PATHS = "$(inherited) @executable_path/Frameworks @loader_path/Frameworks";
				PRODUCT_BUNDLE_IDENTIFIER = com.github.kean.Arranged;
				PRODUCT_NAME = Arranged;
				SKIP_INSTALL = YES;
				SWIFT_VERSION = 2.3;
			};
			name = Release;
		};
/* End XCBuildConfiguration section */

/* Begin XCConfigurationList section */
		0C7D02901C98756C00DAB3ED /* Build configuration list for PBXNativeTarget "Arranged tvOS" */ = {
			isa = XCConfigurationList;
			buildConfigurations = (
				0C7D02911C98756C00DAB3ED /* Debug */,
				0C7D02921C98756C00DAB3ED /* Release */,
			);
			defaultConfigurationIsVisible = 0;
			defaultConfigurationName = Release;
		};
		0CE361121C86077B00EA70CF /* Build configuration list for PBXProject "Arranged" */ = {
			isa = XCConfigurationList;
			buildConfigurations = (
				0CE3611E1C86077B00EA70CF /* Debug */,
				0CE3611F1C86077B00EA70CF /* Release */,
			);
			defaultConfigurationIsVisible = 0;
			defaultConfigurationName = Release;
		};
		0CE361201C86077B00EA70CF /* Build configuration list for PBXNativeTarget "Arranged iOS" */ = {
			isa = XCConfigurationList;
			buildConfigurations = (
				0CE361211C86077B00EA70CF /* Debug */,
				0CE361221C86077B00EA70CF /* Release */,
			);
			defaultConfigurationIsVisible = 0;
			defaultConfigurationName = Release;
		};
/* End XCConfigurationList section */
	};
	rootObject = 0CE3610F1C86077B00EA70CF /* Project object */;
}
